
Microsoft Visual Studio Solution File, Format Version 12.00
# Visual Studio Version 17
VisualStudioVersion = 17.14.36623.8 d17.14
MinimumVisualStudioVersion = 10.0.40219.1
Project("{FAE04EC0-301F-11D3-BF4B-00C04F79EFBC}") = "SupportSystem.API", "SupportSystem.API\SupportSystem.API.csproj", "{140A35D6-7C28-4599-83D2-2B6FA68E7E83}"
EndProject
Project("{FAE04EC0-301F-11D3-BF4B-00C04F79EFBC}") = "SupportSystem.Web", "SupportSystem.Web\SupportSystem.Web.csproj", "{21FAD797-15AF-446E-A7F5-43A0587E3F1E}"
EndProject
Global
	GlobalSection(SolutionConfigurationPlatforms) = preSolution
		Debug|Any CPU = Debug|Any CPU
		Release|Any CPU = Release|Any CPU
	EndGlobalSection
	GlobalSection(ProjectConfigurationPlatforms) = postSolution
		{140A35D6-7C28-4599-83D2-2B6FA68E7E83}.Debug|Any CPU.ActiveCfg = Debug|Any CPU
		{140A35D6-7C28-4599-83D2-2B6FA68E7E83}.Debug|Any CPU.Build.0 = Debug|Any CPU
		{140A35D6-7C28-4599-83D2-2B6FA68E7E83}.Release|Any CPU.ActiveCfg = Release|Any CPU
		{140A35D6-7C28-4599-83D2-2B6FA68E7E83}.Release|Any CPU.Build.0 = Release|Any CPU
		{21FAD797-15AF-446E-A7F5-43A0587E3F1E}.Debug|Any CPU.ActiveCfg = Debug|Any CPU
		{21FAD797-15AF-446E-A7F5-43A0587E3F1E}.Debug|Any CPU.Build.0 = Debug|Any CPU
		{21FAD797-15AF-446E-A7F5-43A0587E3F1E}.Release|Any CPU.ActiveCfg = Release|Any CPU
		{21FAD797-15AF-446E-A7F5-43A0587E3F1E}.Release|Any CPU.Build.0 = Release|Any CPU
	EndGlobalSection
	GlobalSection(SolutionProperties) = preSolution
		HideSolutionNode = FALSE
	EndGlobalSection
	GlobalSection(ExtensibilityGlobals) = postSolution
		SolutionGuid = {23A827A6-4DDD-466A-99BC-E7B4E2C6D751}
	EndGlobalSection
EndGlobal
